
Microsoft Visual Studio Solution File, Format Version 11.00
# Visual Studio 2010
Project("{FAE04EC0-301F-11D3-BF4B-00C04F79EFBC}") = "PubSubServiceHostList", "PubSubServiceHostList\PubSubServiceHostList.csproj", "{FC18D4B2-0A78-4251-860F-8AFF8780BE35}"
EndProject
Project("{FAE04EC0-301F-11D3-BF4B-00C04F79EFBC}") = "PubSubServiceClient", "PubSubServiceClient\PubSubServiceClient.csproj", "{75C0ECE3-0A63-4AF2-9A92-DF9DAB09CE2A}"
EndProject
Project("{CC5FD16D-436D-48AD-A40C-5A424C6E3E79}") = "PubSubServiceClient.Azure", "PubSubServiceClient.Azure\PubSubServiceClient.Azure.ccproj", "{CC2EBF6D-5469-4A12-8E28-21C084848D27}"
EndProject
Project("{FAE04EC0-301F-11D3-BF4B-00C04F79EFBC}") = "PubSubServiceHost", "PubSubServiceHost\PubSubServiceHost.csproj", "{55965B28-7DAD-4031-A3A0-43251DFC128A}"
EndProject
Project("{2150E333-8FDC-42A3-9474-1A3956D46DE8}") = "Solution Items", "Solution Items", "{58DB08B1-C26B-4B30-A32B-17B4B43C2D11}"
	ProjectSection(SolutionItems) = preProject
		MS-LPL_license.txt = MS-LPL_license.txt
	EndProjectSection
EndProject
Global
	GlobalSection(SolutionConfigurationPlatforms) = preSolution
		Debug|Any CPU = Debug|Any CPU
		Debug|Mixed Platforms = Debug|Mixed Platforms
		Debug|x86 = Debug|x86
		Local-Local|Any CPU = Local-Local|Any CPU
		Local-Local|Mixed Platforms = Local-Local|Mixed Platforms
		Local-Local|x86 = Local-Local|x86
		Local-SB|Any CPU = Local-SB|Any CPU
		Local-SB|Mixed Platforms = Local-SB|Mixed Platforms
		Local-SB|x86 = Local-SB|x86
		Release|Any CPU = Release|Any CPU
		Release|Mixed Platforms = Release|Mixed Platforms
		Release|x86 = Release|x86
	EndGlobalSection
	GlobalSection(ProjectConfigurationPlatforms) = postSolution
		{FC18D4B2-0A78-4251-860F-8AFF8780BE35}.Debug|Any CPU.ActiveCfg = Debug|x86
		{FC18D4B2-0A78-4251-860F-8AFF8780BE35}.Debug|Any CPU.Build.0 = Debug|x86
		{FC18D4B2-0A78-4251-860F-8AFF8780BE35}.Debug|Mixed Platforms.ActiveCfg = Debug|x86
		{FC18D4B2-0A78-4251-860F-8AFF8780BE35}.Debug|Mixed Platforms.Build.0 = Debug|x86
		{FC18D4B2-0A78-4251-860F-8AFF8780BE35}.Debug|x86.ActiveCfg = Debug|x86
		{FC18D4B2-0A78-4251-860F-8AFF8780BE35}.Debug|x86.Build.0 = Debug|x86
		{FC18D4B2-0A78-4251-860F-8AFF8780BE35}.Local-Local|Any CPU.ActiveCfg = Local-Local|x86
		{FC18D4B2-0A78-4251-860F-8AFF8780BE35}.Local-Local|Mixed Platforms.ActiveCfg = Local-Local|x86
		{FC18D4B2-0A78-4251-860F-8AFF8780BE35}.Local-Local|Mixed Platforms.Build.0 = Local-Local|x86
		{FC18D4B2-0A78-4251-860F-8AFF8780BE35}.Local-Local|x86.ActiveCfg = Local-Local|x86
		{FC18D4B2-0A78-4251-860F-8AFF8780BE35}.Local-Local|x86.Build.0 = Local-Local|x86
		{FC18D4B2-0A78-4251-860F-8AFF8780BE35}.Local-SB|Any CPU.ActiveCfg = Local-SB|x86
		{FC18D4B2-0A78-4251-860F-8AFF8780BE35}.Local-SB|Mixed Platforms.ActiveCfg = Local-SB|x86
		{FC18D4B2-0A78-4251-860F-8AFF8780BE35}.Local-SB|Mixed Platforms.Build.0 = Local-SB|x86
		{FC18D4B2-0A78-4251-860F-8AFF8780BE35}.Local-SB|x86.ActiveCfg = Local-SB|x86
		{FC18D4B2-0A78-4251-860F-8AFF8780BE35}.Local-SB|x86.Build.0 = Local-SB|x86
		{FC18D4B2-0A78-4251-860F-8AFF8780BE35}.Release|Any CPU.ActiveCfg = Release|x86
		{FC18D4B2-0A78-4251-860F-8AFF8780BE35}.Release|Any CPU.Build.0 = Release|x86
		{FC18D4B2-0A78-4251-860F-8AFF8780BE35}.Release|Mixed Platforms.ActiveCfg = Release|x86
		{FC18D4B2-0A78-4251-860F-8AFF8780BE35}.Release|Mixed Platforms.Build.0 = Release|x86
		{FC18D4B2-0A78-4251-860F-8AFF8780BE35}.Release|x86.ActiveCfg = Release|x86
		{FC18D4B2-0A78-4251-860F-8AFF8780BE35}.Release|x86.Build.0 = Release|x86
		{75C0ECE3-0A63-4AF2-9A92-DF9DAB09CE2A}.Debug|Any CPU.ActiveCfg = Debug|Any CPU
		{75C0ECE3-0A63-4AF2-9A92-DF9DAB09CE2A}.Debug|Any CPU.Build.0 = Debug|Any CPU
		{75C0ECE3-0A63-4AF2-9A92-DF9DAB09CE2A}.Debug|Mixed Platforms.ActiveCfg = Debug|Any CPU
		{75C0ECE3-0A63-4AF2-9A92-DF9DAB09CE2A}.Debug|Mixed Platforms.Build.0 = Debug|Any CPU
		{75C0ECE3-0A63-4AF2-9A92-DF9DAB09CE2A}.Debug|x86.ActiveCfg = Debug|Any CPU
		{75C0ECE3-0A63-4AF2-9A92-DF9DAB09CE2A}.Local-Local|Any CPU.ActiveCfg = Local-Local|Any CPU
		{75C0ECE3-0A63-4AF2-9A92-DF9DAB09CE2A}.Local-Local|Any CPU.Build.0 = Local-Local|Any CPU
		{75C0ECE3-0A63-4AF2-9A92-DF9DAB09CE2A}.Local-Local|Mixed Platforms.ActiveCfg = Local-Local|Any CPU
		{75C0ECE3-0A63-4AF2-9A92-DF9DAB09CE2A}.Local-Local|Mixed Platforms.Build.0 = Local-Local|Any CPU
		{75C0ECE3-0A63-4AF2-9A92-DF9DAB09CE2A}.Local-Local|x86.ActiveCfg = Local-Local|Any CPU
		{75C0ECE3-0A63-4AF2-9A92-DF9DAB09CE2A}.Local-SB|Any CPU.ActiveCfg = Local-SB|Any CPU
		{75C0ECE3-0A63-4AF2-9A92-DF9DAB09CE2A}.Local-SB|Any CPU.Build.0 = Local-SB|Any CPU
		{75C0ECE3-0A63-4AF2-9A92-DF9DAB09CE2A}.Local-SB|Mixed Platforms.ActiveCfg = Local-SB|Any CPU
		{75C0ECE3-0A63-4AF2-9A92-DF9DAB09CE2A}.Local-SB|Mixed Platforms.Build.0 = Local-SB|Any CPU
		{75C0ECE3-0A63-4AF2-9A92-DF9DAB09CE2A}.Local-SB|x86.ActiveCfg = Local-SB|Any CPU
		{75C0ECE3-0A63-4AF2-9A92-DF9DAB09CE2A}.Release|Any CPU.ActiveCfg = Release|Any CPU
		{75C0ECE3-0A63-4AF2-9A92-DF9DAB09CE2A}.Release|Any CPU.Build.0 = Release|Any CPU
		{75C0ECE3-0A63-4AF2-9A92-DF9DAB09CE2A}.Release|Mixed Platforms.ActiveCfg = Release|Any CPU
		{75C0ECE3-0A63-4AF2-9A92-DF9DAB09CE2A}.Release|Mixed Platforms.Build.0 = Release|Any CPU
		{75C0ECE3-0A63-4AF2-9A92-DF9DAB09CE2A}.Release|x86.ActiveCfg = Release|Any CPU
		{CC2EBF6D-5469-4A12-8E28-21C084848D27}.Debug|Any CPU.ActiveCfg = Debug|Any CPU
		{CC2EBF6D-5469-4A12-8E28-21C084848D27}.Debug|Any CPU.Build.0 = Debug|Any CPU
		{CC2EBF6D-5469-4A12-8E28-21C084848D27}.Debug|Mixed Platforms.ActiveCfg = Debug|Any CPU
		{CC2EBF6D-5469-4A12-8E28-21C084848D27}.Debug|Mixed Platforms.Build.0 = Debug|Any CPU
		{CC2EBF6D-5469-4A12-8E28-21C084848D27}.Debug|x86.ActiveCfg = Debug|Any CPU
		{CC2EBF6D-5469-4A12-8E28-21C084848D27}.Local-Local|Any CPU.ActiveCfg = Local-Local|Any CPU
		{CC2EBF6D-5469-4A12-8E28-21C084848D27}.Local-Local|Any CPU.Build.0 = Local-Local|Any CPU
		{CC2EBF6D-5469-4A12-8E28-21C084848D27}.Local-Local|Mixed Platforms.ActiveCfg = Local-Local|Any CPU
		{CC2EBF6D-5469-4A12-8E28-21C084848D27}.Local-Local|Mixed Platforms.Build.0 = Local-Local|Any CPU
		{CC2EBF6D-5469-4A12-8E28-21C084848D27}.Local-Local|x86.ActiveCfg = Local-Local|Any CPU
		{CC2EBF6D-5469-4A12-8E28-21C084848D27}.Local-SB|Any CPU.ActiveCfg = Local-SB|Any CPU
		{CC2EBF6D-5469-4A12-8E28-21C084848D27}.Local-SB|Any CPU.Build.0 = Local-SB|Any CPU
		{CC2EBF6D-5469-4A12-8E28-21C084848D27}.Local-SB|Mixed Platforms.ActiveCfg = Local-SB|Any CPU
		{CC2EBF6D-5469-4A12-8E28-21C084848D27}.Local-SB|Mixed Platforms.Build.0 = Local-SB|Any CPU
		{CC2EBF6D-5469-4A12-8E28-21C084848D27}.Local-SB|x86.ActiveCfg = Local-SB|Any CPU
		{CC2EBF6D-5469-4A12-8E28-21C084848D27}.Release|Any CPU.ActiveCfg = Release|Any CPU
		{CC2EBF6D-5469-4A12-8E28-21C084848D27}.Release|Any CPU.Build.0 = Release|Any CPU
		{CC2EBF6D-5469-4A12-8E28-21C084848D27}.Release|Mixed Platforms.ActiveCfg = Release|Any CPU
		{CC2EBF6D-5469-4A12-8E28-21C084848D27}.Release|Mixed Platforms.Build.0 = Release|Any CPU
		{CC2EBF6D-5469-4A12-8E28-21C084848D27}.Release|x86.ActiveCfg = Release|Any CPU
		{55965B28-7DAD-4031-A3A0-43251DFC128A}.Debug|Any CPU.ActiveCfg = Debug|x86
		{55965B28-7DAD-4031-A3A0-43251DFC128A}.Debug|Any CPU.Build.0 = Debug|x86
		{55965B28-7DAD-4031-A3A0-43251DFC128A}.Debug|Mixed Platforms.ActiveCfg = Debug|x86
		{55965B28-7DAD-4031-A3A0-43251DFC128A}.Debug|Mixed Platforms.Build.0 = Debug|x86
		{55965B28-7DAD-4031-A3A0-43251DFC128A}.Debug|x86.ActiveCfg = Debug|x86
		{55965B28-7DAD-4031-A3A0-43251DFC128A}.Debug|x86.Build.0 = Debug|x86
		{55965B28-7DAD-4031-A3A0-43251DFC128A}.Local-Local|Any CPU.ActiveCfg = Local-Local|x86
		{55965B28-7DAD-4031-A3A0-43251DFC128A}.Local-Local|Mixed Platforms.ActiveCfg = Local-Local|x86
		{55965B28-7DAD-4031-A3A0-43251DFC128A}.Local-Local|Mixed Platforms.Build.0 = Local-Local|x86
		{55965B28-7DAD-4031-A3A0-43251DFC128A}.Local-Local|x86.ActiveCfg = Local-Local|x86
		{55965B28-7DAD-4031-A3A0-43251DFC128A}.Local-Local|x86.Build.0 = Local-Local|x86
		{55965B28-7DAD-4031-A3A0-43251DFC128A}.Local-SB|Any CPU.ActiveCfg = Local-SB|x86
		{55965B28-7DAD-4031-A3A0-43251DFC128A}.Local-SB|Mixed Platforms.ActiveCfg = Local-SB|x86
		{55965B28-7DAD-4031-A3A0-43251DFC128A}.Local-SB|Mixed Platforms.Build.0 = Local-SB|x86
		{55965B28-7DAD-4031-A3A0-43251DFC128A}.Local-SB|x86.ActiveCfg = Local-SB|x86
		{55965B28-7DAD-4031-A3A0-43251DFC128A}.Local-SB|x86.Build.0 = Local-SB|x86
		{55965B28-7DAD-4031-A3A0-43251DFC128A}.Release|Any CPU.ActiveCfg = Release|x86
		{55965B28-7DAD-4031-A3A0-43251DFC128A}.Release|Any CPU.Build.0 = Release|x86
		{55965B28-7DAD-4031-A3A0-43251DFC128A}.Release|Mixed Platforms.ActiveCfg = Release|x86
		{55965B28-7DAD-4031-A3A0-43251DFC128A}.Release|Mixed Platforms.Build.0 = Release|x86
		{55965B28-7DAD-4031-A3A0-43251DFC128A}.Release|x86.ActiveCfg = Release|x86
		{55965B28-7DAD-4031-A3A0-43251DFC128A}.Release|x86.Build.0 = Release|x86
	EndGlobalSection
	GlobalSection(SolutionProperties) = preSolution
		HideSolutionNode = FALSE
	EndGlobalSection
EndGlobal
